
Microsoft Visual Studio Solution File, Format Version 12.00
# Visual Studio 2013
VisualStudioVersion = 12.0.21005.1
MinimumVisualStudioVersion = 10.0.40219.1
Project("{FAE04EC0-301F-11D3-BF4B-00C04F79EFBC}") = "NumberGame", "FizzBuzz\NumberGame.csproj", "{F5E0EDEE-92B9-4B4F-BF34-B9444DDB78E9}"
EndProject
Project("{FAE04EC0-301F-11D3-BF4B-00C04F79EFBC}") = "NumberGameTest", "FizzBuzzTest\NumberGameTest.csproj", "{FE0E6698-E67E-4094-9786-E53004B554CE}"
EndProject
Global
	GlobalSection(SolutionConfigurationPlatforms) = preSolution
		Debug|Any CPU = Debug|Any CPU
		Release|Any CPU = Release|Any CPU
	EndGlobalSection
	GlobalSection(ProjectConfigurationPlatforms) = postSolution
		{F5E0EDEE-92B9-4B4F-BF34-B9444DDB78E9}.Debug|Any CPU.ActiveCfg = Debug|Any CPU
		{F5E0EDEE-92B9-4B4F-BF34-B9444DDB78E9}.Debug|Any CPU.Build.0 = Debug|Any CPU
		{F5E0EDEE-92B9-4B4F-BF34-B9444DDB78E9}.Release|Any CPU.ActiveCfg = Release|Any CPU
		{F5E0EDEE-92B9-4B4F-BF34-B9444DDB78E9}.Release|Any CPU.Build.0 = Release|Any CPU
		{FE0E6698-E67E-4094-9786-E53004B554CE}.Debug|Any CPU.ActiveCfg = Debug|Any CPU
		{FE0E6698-E67E-4094-9786-E53004B554CE}.Debug|Any CPU.Build.0 = Debug|Any CPU
		{FE0E6698-E67E-4094-9786-E53004B554CE}.Release|Any CPU.ActiveCfg = Release|Any CPU
		{FE0E6698-E67E-4094-9786-E53004B554CE}.Release|Any CPU.Build.0 = Release|Any CPU
	EndGlobalSection
	GlobalSection(SolutionProperties) = preSolution
		HideSolutionNode = FALSE
	EndGlobalSection
EndGlobal
